{
    "_readme": [
        "This file locks the dependencies of your project to a known state",
        "Read more about it at https://getcomposer.org/doc/01-basic-usage.md#installing-dependencies",
        "This file is @generated automatically"
    ],
    "content-hash": "f90b1f2e5456105816da755e03757b02",
    "packages": [
        {
            "name": "caouecs/laravel-lang",
            "version": "7.0.3",
            "source": {
                "type": "git",
                "url": "https://github.com/caouecs/lang.git",
                "reference": "2cb9932f781415f1669ce27d29e5b86399ab164a"
            },
            "dist": {
                "type": "zip",
                "url": "https://api.github.com/repos/caouecs/lang/zipball/2cb9932f781415f1669ce27d29e5b86399ab164a",
                "reference": "2cb9932f781415f1669ce27d29e5b86399ab164a",
                "shasum": ""
            },
            "require": {
                "ext-json": "*"
            },
            "suggest": {
                "andrey-helldar/laravel-lang-publisher": "Easy installation and update of translation files for your project",
                "arcanedev/laravel-lang": "Translations manager and checker for Laravel 5",
                "overtrue/laravel-lang": "Command to add languages in your project"
            },
            "type": "library",
            "notification-url": "https://packagist.org/downloads/",
            "license": [
                "MIT"
            ],
            "authors": [
                {
                    "name": "caouecs",
                    "email": "caouecs@caouecs.net"
                }
            ],
            "description": "Languages for Laravel",
            "keywords": [
                "lang",
                "languages",
                "laravel",
                "lpm"
            ],
            "support": {
                "source": "https://github.com/caouecs/lang/tree/7.0.3"
            },
            "abandoned": "https://github.com/Laravel-Lang/lang",
            "time": "2020-08-23T08:17:21+00:00"
        }
    ],
    "packages-dev": [],
    "aliases": [],
    "minimum-stability": "stable",
    "stability-flags": {},
    "prefer-stable": false,
    "prefer-lowest": false,
    "platform": {},
    "platform-dev": {},
    "plugin-api-version": "2.6.0"
}
